Microsoft Visual Studio Solution File, Format Version 12.00
# Visual Studio 2012
Project("{FAE04EC0-301F-11D3-BF4B-00C04F79EFBC}") = "Prototype", "Prototype.csproj", "{ECB95654-B1B3-4429-9137-367F2C9AB021}"
EndProject
Global
	GlobalSection(SolutionConfigurationPlatforms) = preSolution
	Debug|Any CPU = Debug|Any CPU
	ExportDebug|Any CPU = ExportDebug|Any CPU
	ExportRelease|Any CPU = ExportRelease|Any CPU
	EndGlobalSection
	GlobalSection(ProjectConfigurationPlatforms) = postSolution
		{ECB95654-B1B3-4429-9137-367F2C9AB021}.Debug|Any CPU.ActiveCfg = Debug|Any CPU
		{ECB95654-B1B3-4429-9137-367F2C9AB021}.Debug|Any CPU.Build.0 = Debug|Any CPU
		{ECB95654-B1B3-4429-9137-367F2C9AB021}.ExportDebug|Any CPU.ActiveCfg = ExportDebug|Any CPU
		{ECB95654-B1B3-4429-9137-367F2C9AB021}.ExportDebug|Any CPU.Build.0 = ExportDebug|Any CPU
		{ECB95654-B1B3-4429-9137-367F2C9AB021}.ExportRelease|Any CPU.ActiveCfg = ExportRelease|Any CPU
		{ECB95654-B1B3-4429-9137-367F2C9AB021}.ExportRelease|Any CPU.Build.0 = ExportRelease|Any CPU
	EndGlobalSection
EndGlobal
